<?xml version="1.0" encoding="utf-8"?>
<Project ToolsVersion="4.0" xmlns="http://schemas.microsoft.com/developer/msbuild/2003">
  <ItemGroup>
    <Filter Include="Source Files">
      <UniqueIdentifier>{4FC737F1-C7A5-4376-A066-2A32D752A2FF}</UniqueIdentifier>
      <Extensions>cpp;c;cc;cxx;c++;cppm;ixx;def;odl;idl;hpj;bat;asm;asmx</Extensions>
    </Filter>
    <Filter Include="Header Files">
      <UniqueIdentifier>{93995380-89BD-4b04-88EB-625FBE52EBFB}</UniqueIdentifier>
      <Extensions>h;hh;hpp;hxx;h++;hm;inl;inc;ipp;xsd</Extensions>
    </Filter>
    <Filter Include="Resource Files">
      <UniqueIdentifier>{67DA6AB6-F800-4c08-8B7A-83BB121AAD01}</UniqueIdentifier>
      <Extensions>rc;ico;cur;bmp;dlg;rc2;rct;bin;rgs;gif;jpg;jpeg;jpe;resx;tiff;tif;png;wav;mfcribbon-ms</Extensions>
    </Filter>
    <Filter Include="Resource Files\Shader">
      <UniqueIdentifier>{162cdcb3-6df2-4f9f-aa7a-be5cbba3970a}</UniqueIdentifier>
    </Filter>
    <Filter Include="Extern">
      <UniqueIdentifier>{616025ce-d253-47d5-8394-2b6b3cc385ac}</UniqueIdentifier>
    </Filter>
    <Filter Include="Extern\SPIRV-Reflect">
      <UniqueIdentifier>{45a6347d-a4a0-4277-b616-d9a403624772}</UniqueIdentifier>
    </Filter>
    <Filter Include="Extern\volk">
      <UniqueIdentifier>{b156f2a8-7a2f-471c-8255-d28d9f1ac72e}</UniqueIdentifier>
    </Filter>
  </ItemGroup>
  <ItemGroup>
    <ClCompile Include="Violet.cpp">
      <Filter>Source Files</Filter>
    </ClCompile>
    <ClCompile Include="Window.cpp">
      <Filter>Source Files</Filter>
    </ClCompile>
    <ClCompile Include="Extern\SPIRV-Reflect\spirv_reflect.c">
      <Filter>Extern\SPIRV-Reflect</Filter>
    </ClCompile>
    <ClCompile Include="Extern\volk\volk.c">
      <Filter>Extern\volk</Filter>
    </ClCompile>
  </ItemGroup>
  <ItemGroup>
    <ClInclude Include="Window.h">
      <Filter>Source Files</Filter>
    </ClInclude>
    <ClInclude Include="Extern\SPIRV-Reflect\spirv_reflect.h">
      <Filter>Extern\SPIRV-Reflect</Filter>
    </ClInclude>
    <ClInclude Include="Extern\volk\volk.h">
      <Filter>Extern\volk</Filter>
    </ClInclude>
  </ItemGroup>
  <ItemGroup>
    <None Include="Shader\FullScreenCS.s">
      <Filter>Resource Files\Shader</Filter>
    </None>
  </ItemGroup>
</Project>